
Microsoft Visual Studio Solution File, Format Version 12.00
# Visual Studio Version 17
VisualStudioVersion = 17.7.34031.279
MinimumVisualStudioVersion = 10.0.40219.1
Project("{888888A0-9F3D-457C-B088-3A5042F75D52}") = "HoughCircle", "HoughCircle.pyproj", "{033B00A6-D023-4DAA-98BC-1F3B062078D5}"
EndProject
Global
	GlobalSection(SolutionConfigurationPlatforms) = preSolution
		Debug|Any CPU = Debug|Any CPU
		Release|Any CPU = Release|Any CPU
	EndGlobalSection
	GlobalSection(ProjectConfigurationPlatforms) = postSolution
		{033B00A6-D023-4DAA-98BC-1F3B062078D5}.Debug|Any CPU.ActiveCfg = Debug|Any CPU
		{033B00A6-D023-4DAA-98BC-1F3B062078D5}.Release|Any CPU.ActiveCfg = Release|Any CPU
	EndGlobalSection
	GlobalSection(SolutionProperties) = preSolution
		HideSolutionNode = FALSE
	EndGlobalSection
	GlobalSection(ExtensibilityGlobals) = postSolution
		SolutionGuid = {A63B6585-3361-465D-B75B-3BA6BB25EC4A}
	EndGlobalSection
EndGlobal
